
Microsoft Visual Studio Solution File, Format Version 12.00
# Visual Studio Version 16
VisualStudioVersion = 16.0.31613.86
MinimumVisualStudioVersion = 10.0.40219.1
Project("{888888A0-9F3D-457C-B088-3A5042F75D52}") = "StudyAppPython", "StudyAppPython\StudyAppPython.pyproj", "{9638D005-1877-4C2A-9FC6-83724003B4A4}"
EndProject
Global
	GlobalSection(SolutionConfigurationPlatforms) = preSolution
		Debug|Any CPU = Debug|Any CPU
		Release|Any CPU = Release|Any CPU
	EndGlobalSection
	GlobalSection(ProjectConfigurationPlatforms) = postSolution
		{9638D005-1877-4C2A-9FC6-83724003B4A4}.Debug|Any CPU.ActiveCfg = Debug|Any CPU
		{9638D005-1877-4C2A-9FC6-83724003B4A4}.Release|Any CPU.ActiveCfg = Release|Any CPU
	EndGlobalSection
	GlobalSection(SolutionProperties) = preSolution
		HideSolutionNode = FALSE
	EndGlobalSection
	GlobalSection(ExtensibilityGlobals) = postSolution
		SolutionGuid = {E0B5AF99-5F02-4B93-8167-2305A97A3360}
	EndGlobalSection
EndGlobal
